{
  "version": 4,
  "terraform_version": "1.0.11",
  "serial": 1,
  "lineage": "39a1d4e0-3f47-8112-b689-610cc0f3fb72",
  "outputs": {},
  "resources": [
    {
      "mode": "managed",
      "type": "google_service_account",
      "name": "github_actions_ci",
      "provider": "provider[\"registry.terraform.io/hashicorp/google\"]",
      "instances": [
        {
          "schema_version": 0,
          "attributes": {
            "account_id": "service-account-id",
            "description": "",
            "disabled": false,
            "display_name": "github_actions_ci",
            "email": "service-account-id@personal-website-300610.iam.gserviceaccount.com",
            "id": "projects/personal-website-300610/serviceAccounts/service-account-id@personal-website-300610.iam.gserviceaccount.com",
            "name": "projects/personal-website-300610/serviceAccounts/service-account-id@personal-website-300610.iam.gserviceaccount.com",
            "project": "personal-website-300610",
            "timeouts": null,
            "unique_id": "105238269103514572314"
          },
          "sensitive_attributes": [],
          "private": "eyJlMmJmYjczMC1lY2FhLTExZTYtOGY4OC0zNDM2M2JjN2M0YzAiOnsiY3JlYXRlIjozMDAwMDAwMDAwMDB9fQ=="
        }
      ]
    }
  ]
}
